
Microsoft Visual Studio Solution File, Format Version 12.00
# Visual Studio Version 17
VisualStudioVersion = 17.3.32929.385
MinimumVisualStudioVersion = 10.0.40219.1
Project("{FAE04EC0-301F-11D3-BF4B-00C04F79EFBC}") = "AppCarrinhoDeCompras.Android", "AppCarrinhoDeCompras\AppCarrinhoDeCompras.Android\AppCarrinhoDeCompras.Android.csproj", "{D0D321CB-B0F7-4145-83E4-01111E33AC5B}"
EndProject
Project("{FAE04EC0-301F-11D3-BF4B-00C04F79EFBC}") = "AppCarrinhoDeCompras", "AppCarrinhoDeCompras\AppCarrinhoDeCompras\AppCarrinhoDeCompras.csproj", "{259BF451-BC9C-4BCE-A848-41C012F4AD2B}"
EndProject
Global
	GlobalSection(SolutionConfigurationPlatforms) = preSolution
		Debug|Any CPU = Debug|Any CPU
		Release|Any CPU = Release|Any CPU
	EndGlobalSection
	GlobalSection(ProjectConfigurationPlatforms) = postSolution
		{D0D321CB-B0F7-4145-83E4-01111E33AC5B}.Debug|Any CPU.ActiveCfg = Debug|Any CPU
		{D0D321CB-B0F7-4145-83E4-01111E33AC5B}.Debug|Any CPU.Build.0 = Debug|Any CPU
		{D0D321CB-B0F7-4145-83E4-01111E33AC5B}.Debug|Any CPU.Deploy.0 = Debug|Any CPU
		{D0D321CB-B0F7-4145-83E4-01111E33AC5B}.Release|Any CPU.ActiveCfg = Release|Any CPU
		{D0D321CB-B0F7-4145-83E4-01111E33AC5B}.Release|Any CPU.Build.0 = Release|Any CPU
		{D0D321CB-B0F7-4145-83E4-01111E33AC5B}.Release|Any CPU.Deploy.0 = Release|Any CPU
		{259BF451-BC9C-4BCE-A848-41C012F4AD2B}.Debug|Any CPU.ActiveCfg = Debug|Any CPU
		{259BF451-BC9C-4BCE-A848-41C012F4AD2B}.Debug|Any CPU.Build.0 = Debug|Any CPU
		{259BF451-BC9C-4BCE-A848-41C012F4AD2B}.Debug|Any CPU.Deploy.0 = Debug|Any CPU
		{259BF451-BC9C-4BCE-A848-41C012F4AD2B}.Release|Any CPU.ActiveCfg = Release|Any CPU
		{259BF451-BC9C-4BCE-A848-41C012F4AD2B}.Release|Any CPU.Build.0 = Release|Any CPU
		{259BF451-BC9C-4BCE-A848-41C012F4AD2B}.Release|Any CPU.Deploy.0 = Release|Any CPU
	EndGlobalSection
	GlobalSection(SolutionProperties) = preSolution
		HideSolutionNode = FALSE
	EndGlobalSection
	GlobalSection(ExtensibilityGlobals) = postSolution
		SolutionGuid = {A04FAC39-F0E9-42B0-95A8-4B2B20F05E19}
	EndGlobalSection
EndGlobal
